
Microsoft Visual Studio Solution File, Format Version 12.00
# Visual Studio 15
VisualStudioVersion = 15.0.27130.2010
MinimumVisualStudioVersion = 10.0.40219.1
Project("{888888A0-9F3D-457C-B088-3A5042F75D52}") = "pymusiccast", "pymusiccast.pyproj", "{3AB4AD7A-7C3A-46D6-A080-AA02DD82971D}"
EndProject
Global
	GlobalSection(SolutionConfigurationPlatforms) = preSolution
		Debug|Any CPU = Debug|Any CPU
		Release|Any CPU = Release|Any CPU
	EndGlobalSection
	GlobalSection(ProjectConfigurationPlatforms) = postSolution
		{3AB4AD7A-7C3A-46D6-A080-AA02DD82971D}.Debug|Any CPU.ActiveCfg = Debug|Any CPU
		{3AB4AD7A-7C3A-46D6-A080-AA02DD82971D}.Release|Any CPU.ActiveCfg = Release|Any CPU
	EndGlobalSection
	GlobalSection(SolutionProperties) = preSolution
		HideSolutionNode = FALSE
	EndGlobalSection
	GlobalSection(ExtensibilityGlobals) = postSolution
		SolutionGuid = {FD6FC166-747A-45C1-9BE8-C0F62E8E5E59}
	EndGlobalSection
EndGlobal
